
Microsoft Visual Studio Solution File, Format Version 12.00
# Visual Studio Version 17
VisualStudioVersion = 17.5.33414.496
MinimumVisualStudioVersion = 10.0.40219.1
Project("{FAE04EC0-301F-11D3-BF4B-00C04F79EFBC}") = "AcademiaAtos_Exercicio16", "AcademiaAtos_Exercicio16.csproj", "{D636E48A-AD4B-455C-961F-AA7C04C1EEDC}"
EndProject
Global
	GlobalSection(SolutionConfigurationPlatforms) = preSolution
		Debug|Any CPU = Debug|Any CPU
		Release|Any CPU = Release|Any CPU
	EndGlobalSection
	GlobalSection(ProjectConfigurationPlatforms) = postSolution
		{D636E48A-AD4B-455C-961F-AA7C04C1EEDC}.Debug|Any CPU.ActiveCfg = Debug|Any CPU
		{D636E48A-AD4B-455C-961F-AA7C04C1EEDC}.Debug|Any CPU.Build.0 = Debug|Any CPU
		{D636E48A-AD4B-455C-961F-AA7C04C1EEDC}.Release|Any CPU.ActiveCfg = Release|Any CPU
		{D636E48A-AD4B-455C-961F-AA7C04C1EEDC}.Release|Any CPU.Build.0 = Release|Any CPU
	EndGlobalSection
	GlobalSection(SolutionProperties) = preSolution
		HideSolutionNode = FALSE
	EndGlobalSection
	GlobalSection(ExtensibilityGlobals) = postSolution
		SolutionGuid = {FEDE1452-C136-4C6D-91BD-0D7302BDED1B}
	EndGlobalSection
EndGlobal
