
Microsoft Visual Studio Solution File, Format Version 12.00
# Visual Studio Version 17
VisualStudioVersion = 17.5.33414.496
MinimumVisualStudioVersion = 10.0.40219.1
Project("{FAE04EC0-301F-11D3-BF4B-00C04F79EFBC}") = "AcademiaAtos_Exercicio17", "AcademiaAtos_Exercicio17.csproj", "{15F9474F-9F94-4E5A-BB9C-C8FCEB460965}"
EndProject
Global
	GlobalSection(SolutionConfigurationPlatforms) = preSolution
		Debug|Any CPU = Debug|Any CPU
		Release|Any CPU = Release|Any CPU
	EndGlobalSection
	GlobalSection(ProjectConfigurationPlatforms) = postSolution
		{15F9474F-9F94-4E5A-BB9C-C8FCEB460965}.Debug|Any CPU.ActiveCfg = Debug|Any CPU
		{15F9474F-9F94-4E5A-BB9C-C8FCEB460965}.Debug|Any CPU.Build.0 = Debug|Any CPU
		{15F9474F-9F94-4E5A-BB9C-C8FCEB460965}.Release|Any CPU.ActiveCfg = Release|Any CPU
		{15F9474F-9F94-4E5A-BB9C-C8FCEB460965}.Release|Any CPU.Build.0 = Release|Any CPU
	EndGlobalSection
	GlobalSection(SolutionProperties) = preSolution
		HideSolutionNode = FALSE
	EndGlobalSection
	GlobalSection(ExtensibilityGlobals) = postSolution
		SolutionGuid = {766E2467-4EB5-425A-B15E-12D3199A5E19}
	EndGlobalSection
EndGlobal
