
Microsoft Visual Studio Solution File, Format Version 12.00
# Visual Studio Version 17
VisualStudioVersion = 17.5.33414.496
MinimumVisualStudioVersion = 10.0.40219.1
Project("{FAE04EC0-301F-11D3-BF4B-00C04F79EFBC}") = "AcademiaAtos_Exercicio04", "AcademiaAtos_Exercicio04.csproj", "{7C9B41E1-941F-4E28-A2F9-B1F3670683CE}"
EndProject
Global
	GlobalSection(SolutionConfigurationPlatforms) = preSolution
		Debug|Any CPU = Debug|Any CPU
		Release|Any CPU = Release|Any CPU
	EndGlobalSection
	GlobalSection(ProjectConfigurationPlatforms) = postSolution
		{7C9B41E1-941F-4E28-A2F9-B1F3670683CE}.Debug|Any CPU.ActiveCfg = Debug|Any CPU
		{7C9B41E1-941F-4E28-A2F9-B1F3670683CE}.Debug|Any CPU.Build.0 = Debug|Any CPU
		{7C9B41E1-941F-4E28-A2F9-B1F3670683CE}.Release|Any CPU.ActiveCfg = Release|Any CPU
		{7C9B41E1-941F-4E28-A2F9-B1F3670683CE}.Release|Any CPU.Build.0 = Release|Any CPU
	EndGlobalSection
	GlobalSection(SolutionProperties) = preSolution
		HideSolutionNode = FALSE
	EndGlobalSection
	GlobalSection(ExtensibilityGlobals) = postSolution
		SolutionGuid = {D4D083E6-60D5-4052-8136-FAE91A59C524}
	EndGlobalSection
EndGlobal
