
Microsoft Visual Studio Solution File, Format Version 12.00
# Visual Studio Version 17
VisualStudioVersion = 17.5.33414.496
MinimumVisualStudioVersion = 10.0.40219.1
Project("{FAE04EC0-301F-11D3-BF4B-00C04F79EFBC}") = "AcademiaAtos_Exercicio14", "AcademiaAtos_Exercicio14.csproj", "{AFEF8EEE-CD43-461B-B7EF-6DCCF0A6DF5A}"
EndProject
Global
	GlobalSection(SolutionConfigurationPlatforms) = preSolution
		Debug|Any CPU = Debug|Any CPU
		Release|Any CPU = Release|Any CPU
	EndGlobalSection
	GlobalSection(ProjectConfigurationPlatforms) = postSolution
		{AFEF8EEE-CD43-461B-B7EF-6DCCF0A6DF5A}.Debug|Any CPU.ActiveCfg = Debug|Any CPU
		{AFEF8EEE-CD43-461B-B7EF-6DCCF0A6DF5A}.Debug|Any CPU.Build.0 = Debug|Any CPU
		{AFEF8EEE-CD43-461B-B7EF-6DCCF0A6DF5A}.Release|Any CPU.ActiveCfg = Release|Any CPU
		{AFEF8EEE-CD43-461B-B7EF-6DCCF0A6DF5A}.Release|Any CPU.Build.0 = Release|Any CPU
	EndGlobalSection
	GlobalSection(SolutionProperties) = preSolution
		HideSolutionNode = FALSE
	EndGlobalSection
	GlobalSection(ExtensibilityGlobals) = postSolution
		SolutionGuid = {A9C4C091-8CDC-4B3A-AB7F-EBF4DF19B210}
	EndGlobalSection
EndGlobal
