
Microsoft Visual Studio Solution File, Format Version 12.00
# Visual Studio Version 17
VisualStudioVersion = 17.5.33414.496
MinimumVisualStudioVersion = 10.0.40219.1
Project("{FAE04EC0-301F-11D3-BF4B-00C04F79EFBC}") = "AcademiaAtos_Exercicio10", "AcademiaAtos_Exercicio10.csproj", "{CF3710B4-50E0-40AB-84E8-2CF3801AD329}"
EndProject
Global
	GlobalSection(SolutionConfigurationPlatforms) = preSolution
		Debug|Any CPU = Debug|Any CPU
		Release|Any CPU = Release|Any CPU
	EndGlobalSection
	GlobalSection(ProjectConfigurationPlatforms) = postSolution
		{CF3710B4-50E0-40AB-84E8-2CF3801AD329}.Debug|Any CPU.ActiveCfg = Debug|Any CPU
		{CF3710B4-50E0-40AB-84E8-2CF3801AD329}.Debug|Any CPU.Build.0 = Debug|Any CPU
		{CF3710B4-50E0-40AB-84E8-2CF3801AD329}.Release|Any CPU.ActiveCfg = Release|Any CPU
		{CF3710B4-50E0-40AB-84E8-2CF3801AD329}.Release|Any CPU.Build.0 = Release|Any CPU
	EndGlobalSection
	GlobalSection(SolutionProperties) = preSolution
		HideSolutionNode = FALSE
	EndGlobalSection
	GlobalSection(ExtensibilityGlobals) = postSolution
		SolutionGuid = {7E6FD95B-BBA4-4923-BC10-9BB9BE1C5006}
	EndGlobalSection
EndGlobal
