
Microsoft Visual Studio Solution File, Format Version 12.00
# Visual Studio Version 17
VisualStudioVersion = 17.5.33414.496
MinimumVisualStudioVersion = 10.0.40219.1
Project("{FAE04EC0-301F-11D3-BF4B-00C04F79EFBC}") = "AcademiaAtos_Exercicio15", "AcademiaAtos_Exercicio15.csproj", "{B1A87A76-0C53-4D22-830F-ACB033DB7B85}"
EndProject
Global
	GlobalSection(SolutionConfigurationPlatforms) = preSolution
		Debug|Any CPU = Debug|Any CPU
		Release|Any CPU = Release|Any CPU
	EndGlobalSection
	GlobalSection(ProjectConfigurationPlatforms) = postSolution
		{B1A87A76-0C53-4D22-830F-ACB033DB7B85}.Debug|Any CPU.ActiveCfg = Debug|Any CPU
		{B1A87A76-0C53-4D22-830F-ACB033DB7B85}.Debug|Any CPU.Build.0 = Debug|Any CPU
		{B1A87A76-0C53-4D22-830F-ACB033DB7B85}.Release|Any CPU.ActiveCfg = Release|Any CPU
		{B1A87A76-0C53-4D22-830F-ACB033DB7B85}.Release|Any CPU.Build.0 = Release|Any CPU
	EndGlobalSection
	GlobalSection(SolutionProperties) = preSolution
		HideSolutionNode = FALSE
	EndGlobalSection
	GlobalSection(ExtensibilityGlobals) = postSolution
		SolutionGuid = {D775297F-9A56-4984-9AC9-92747549890C}
	EndGlobalSection
EndGlobal
